
Microsoft Visual Studio Solution File, Format Version 12.00
# Visual Studio Version 17
VisualStudioVersion = 17.4.33122.133
MinimumVisualStudioVersion = 10.0.40219.1
Project("{9A19103F-16F7-4668-BE54-9A1E7A4F7556}") = "BlazorShop.Web.Server", "BlazorShop.Web\Server\BlazorShop.Web.Server.csproj", "{964B50B7-2F47-470C-BCCC-062E0D029F73}"
	ProjectSection(ProjectDependencies) = postProject
		{3C25C907-AE3B-4F4F-908A-01CBF3DBB8B2} = {3C25C907-AE3B-4F4F-908A-01CBF3DBB8B2}
		{A588406F-52C4-4AA0-853B-0F4A2EB737E5} = {A588406F-52C4-4AA0-853B-0F4A2EB737E5}
	EndProjectSection
EndProject
Project("{9A19103F-16F7-4668-BE54-9A1E7A4F7556}") = "BlazorShop.Web.Client", "BlazorShop.Web\Client\BlazorShop.Web.Client.csproj", "{2B5A9E5B-87E2-45D8-9B44-51AEAB3C8619}"
	ProjectSection(ProjectDependencies) = postProject
		{3C25C907-AE3B-4F4F-908A-01CBF3DBB8B2} = {3C25C907-AE3B-4F4F-908A-01CBF3DBB8B2}
		{44E06BD3-52A2-4F1A-94CC-9B8C8152AC41} = {44E06BD3-52A2-4F1A-94CC-9B8C8152AC41}
	EndProjectSection
EndProject
Project("{9A19103F-16F7-4668-BE54-9A1E7A4F7556}") = "BlazorShop.Common", "BlazorShop.Common\BlazorShop.Common.csproj", "{44E06BD3-52A2-4F1A-94CC-9B8C8152AC41}"
EndProject
Project("{9A19103F-16F7-4668-BE54-9A1E7A4F7556}") = "BlazorShop.Data", "BlazorShop.Data\BlazorShop.Data.csproj", "{C1552F01-E05B-4730-A87E-646FD4D2AEB8}"
EndProject
Project("{9A19103F-16F7-4668-BE54-9A1E7A4F7556}") = "BlazorShop.Models", "BlazorShop.Models\BlazorShop.Models.csproj", "{3C25C907-AE3B-4F4F-908A-01CBF3DBB8B2}"
EndProject
Project("{9A19103F-16F7-4668-BE54-9A1E7A4F7556}") = "BlazorShop.Services", "BlazorShop.Services\BlazorShop.Services.csproj", "{A588406F-52C4-4AA0-853B-0F4A2EB737E5}"
EndProject
Project("{9A19103F-16F7-4668-BE54-9A1E7A4F7556}") = "BlazorShop.Tests", "BlazorShop.Tests\BlazorShop.Tests.csproj", "{4C9EE4B1-1F74-420C-B135-FCA32A5A1EDC}"
EndProject
Project("{2150E333-8FDC-42A3-9474-1A3956D46DE8}") = "BlazorShop.Web", "BlazorShop.Web", "{5286E931-3C61-4EBF-B4B6-7461AF7D4D91}"
EndProject
Global
	GlobalSection(SolutionConfigurationPlatforms) = preSolution
		Debug|Any CPU = Debug|Any CPU
		Release|Any CPU = Release|Any CPU
	EndGlobalSection
	GlobalSection(ProjectConfigurationPlatforms) = postSolution
		{964B50B7-2F47-470C-BCCC-062E0D029F73}.Debug|Any CPU.ActiveCfg = Debug|Any CPU
		{964B50B7-2F47-470C-BCCC-062E0D029F73}.Debug|Any CPU.Build.0 = Debug|Any CPU
		{964B50B7-2F47-470C-BCCC-062E0D029F73}.Release|Any CPU.ActiveCfg = Release|Any CPU
		{964B50B7-2F47-470C-BCCC-062E0D029F73}.Release|Any CPU.Build.0 = Release|Any CPU
		{2B5A9E5B-87E2-45D8-9B44-51AEAB3C8619}.Debug|Any CPU.ActiveCfg = Debug|Any CPU
		{2B5A9E5B-87E2-45D8-9B44-51AEAB3C8619}.Debug|Any CPU.Build.0 = Debug|Any CPU
		{2B5A9E5B-87E2-45D8-9B44-51AEAB3C8619}.Release|Any CPU.ActiveCfg = Release|Any CPU
		{2B5A9E5B-87E2-45D8-9B44-51AEAB3C8619}.Release|Any CPU.Build.0 = Release|Any CPU
		{44E06BD3-52A2-4F1A-94CC-9B8C8152AC41}.Debug|Any CPU.ActiveCfg = Debug|Any CPU
		{44E06BD3-52A2-4F1A-94CC-9B8C8152AC41}.Debug|Any CPU.Build.0 = Debug|Any CPU
		{44E06BD3-52A2-4F1A-94CC-9B8C8152AC41}.Release|Any CPU.ActiveCfg = Release|Any CPU
		{44E06BD3-52A2-4F1A-94CC-9B8C8152AC41}.Release|Any CPU.Build.0 = Release|Any CPU
		{C1552F01-E05B-4730-A87E-646FD4D2AEB8}.Debug|Any CPU.ActiveCfg = Debug|Any CPU
		{C1552F01-E05B-4730-A87E-646FD4D2AEB8}.Debug|Any CPU.Build.0 = Debug|Any CPU
		{C1552F01-E05B-4730-A87E-646FD4D2AEB8}.Release|Any CPU.ActiveCfg = Release|Any CPU
		{C1552F01-E05B-4730-A87E-646FD4D2AEB8}.Release|Any CPU.Build.0 = Release|Any CPU
		{3C25C907-AE3B-4F4F-908A-01CBF3DBB8B2}.Debug|Any CPU.ActiveCfg = Debug|Any CPU
		{3C25C907-AE3B-4F4F-908A-01CBF3DBB8B2}.Debug|Any CPU.Build.0 = Debug|Any CPU
		{3C25C907-AE3B-4F4F-908A-01CBF3DBB8B2}.Release|Any CPU.ActiveCfg = Release|Any CPU
		{3C25C907-AE3B-4F4F-908A-01CBF3DBB8B2}.Release|Any CPU.Build.0 = Release|Any CPU
		{A588406F-52C4-4AA0-853B-0F4A2EB737E5}.Debug|Any CPU.ActiveCfg = Debug|Any CPU
		{A588406F-52C4-4AA0-853B-0F4A2EB737E5}.Debug|Any CPU.Build.0 = Debug|Any CPU
		{A588406F-52C4-4AA0-853B-0F4A2EB737E5}.Release|Any CPU.ActiveCfg = Release|Any CPU
		{A588406F-52C4-4AA0-853B-0F4A2EB737E5}.Release|Any CPU.Build.0 = Release|Any CPU
		{4C9EE4B1-1F74-420C-B135-FCA32A5A1EDC}.Debug|Any CPU.ActiveCfg = Debug|Any CPU
		{4C9EE4B1-1F74-420C-B135-FCA32A5A1EDC}.Debug|Any CPU.Build.0 = Debug|Any CPU
		{4C9EE4B1-1F74-420C-B135-FCA32A5A1EDC}.Release|Any CPU.ActiveCfg = Release|Any CPU
		{4C9EE4B1-1F74-420C-B135-FCA32A5A1EDC}.Release|Any CPU.Build.0 = Release|Any CPU
	EndGlobalSection
	GlobalSection(SolutionProperties) = preSolution
		HideSolutionNode = FALSE
	EndGlobalSection
	GlobalSection(NestedProjects) = preSolution
		{964B50B7-2F47-470C-BCCC-062E0D029F73} = {5286E931-3C61-4EBF-B4B6-7461AF7D4D91}
		{2B5A9E5B-87E2-45D8-9B44-51AEAB3C8619} = {5286E931-3C61-4EBF-B4B6-7461AF7D4D91}
	EndGlobalSection
	GlobalSection(ExtensibilityGlobals) = postSolution
		SolutionGuid = {8BFA0B2D-E44C-40D1-ABDF-C7EB4E67EFC1}
	EndGlobalSection
EndGlobal
